
Microsoft Visual Studio Solution File, Format Version 12.00
# Visual Studio Version 17
VisualStudioVersion = 17.5.33502.453
MinimumVisualStudioVersion = 10.0.40219.1
Project("{9A19103F-16F7-4668-BE54-9A1E7A4F7556}") = "Week2", "Week2\Week2.csproj", "{6A27BBE6-1C6A-4718-90E7-3133C26770F1}"
EndProject
Project("{9A19103F-16F7-4668-BE54-9A1E7A4F7556}") = "UserGenderValidation", "UserGenderValidation\UserGenderValidation.csproj", "{33D4D75E-8873-401F-8E83-2D7D845DFC5B}"
EndProject
Project("{FAE04EC0-301F-11D3-BF4B-00C04F79EFBC}") = "UserAgeValidation", "UserAgeValidation\UserAgeValidation.csproj", "{489AF685-1404-4E77-A182-AF266F7ADEE9}"
EndProject
Global
	GlobalSection(SolutionConfigurationPlatforms) = preSolution
		Debug|Any CPU = Debug|Any CPU
		Release|Any CPU = Release|Any CPU
	EndGlobalSection
	GlobalSection(ProjectConfigurationPlatforms) = postSolution
		{6A27BBE6-1C6A-4718-90E7-3133C26770F1}.Debug|Any CPU.ActiveCfg = Debug|Any CPU
		{6A27BBE6-1C6A-4718-90E7-3133C26770F1}.Debug|Any CPU.Build.0 = Debug|Any CPU
		{6A27BBE6-1C6A-4718-90E7-3133C26770F1}.Release|Any CPU.ActiveCfg = Release|Any CPU
		{6A27BBE6-1C6A-4718-90E7-3133C26770F1}.Release|Any CPU.Build.0 = Release|Any CPU
		{33D4D75E-8873-401F-8E83-2D7D845DFC5B}.Debug|Any CPU.ActiveCfg = Debug|Any CPU
		{33D4D75E-8873-401F-8E83-2D7D845DFC5B}.Debug|Any CPU.Build.0 = Debug|Any CPU
		{33D4D75E-8873-401F-8E83-2D7D845DFC5B}.Release|Any CPU.ActiveCfg = Release|Any CPU
		{33D4D75E-8873-401F-8E83-2D7D845DFC5B}.Release|Any CPU.Build.0 = Release|Any CPU
		{489AF685-1404-4E77-A182-AF266F7ADEE9}.Debug|Any CPU.ActiveCfg = Debug|Any CPU
		{489AF685-1404-4E77-A182-AF266F7ADEE9}.Debug|Any CPU.Build.0 = Debug|Any CPU
		{489AF685-1404-4E77-A182-AF266F7ADEE9}.Release|Any CPU.ActiveCfg = Release|Any CPU
		{489AF685-1404-4E77-A182-AF266F7ADEE9}.Release|Any CPU.Build.0 = Release|Any CPU
	EndGlobalSection
	GlobalSection(SolutionProperties) = preSolution
		HideSolutionNode = FALSE
	EndGlobalSection
	GlobalSection(ExtensibilityGlobals) = postSolution
		SolutionGuid = {B0BE715F-B4C5-4FBA-A241-A434FC8F72BF}
	EndGlobalSection
EndGlobal
